Microsoft Visual Studio Solution File, Format Version 12.00
# Visual Studio Version 17
VisualStudioVersion = 17.5.2.0
MinimumVisualStudioVersion = 10.0.40219.1
Project("{FAE04EC0-301F-11D3-BF4B-00C04F79EFBC}") = "WebsiteQlyThuVien", "WebsiteQlyThuVien.csproj", "{C2D67E52-7113-A36F-DDEA-1991D2EC890E}"
EndProject
Global
	GlobalSection(SolutionConfigurationPlatforms) = preSolution
		Debug|Any CPU = Debug|Any CPU
		Release|Any CPU = Release|Any CPU
	EndGlobalSection
	GlobalSection(ProjectConfigurationPlatforms) = postSolution
		{C2D67E52-7113-A36F-DDEA-1991D2EC890E}.Debug|Any CPU.ActiveCfg = Debug|Any CPU
		{C2D67E52-7113-A36F-DDEA-1991D2EC890E}.Debug|Any CPU.Build.0 = Debug|Any CPU
		{C2D67E52-7113-A36F-DDEA-1991D2EC890E}.Release|Any CPU.ActiveCfg = Release|Any CPU
		{C2D67E52-7113-A36F-DDEA-1991D2EC890E}.Release|Any CPU.Build.0 = Release|Any CPU
	EndGlobalSection
	GlobalSection(SolutionProperties) = preSolution
		HideSolutionNode = FALSE
	EndGlobalSection
	GlobalSection(ExtensibilityGlobals) = postSolution
		SolutionGuid = {D2689293-5A28-409B-84F5-6F7858BC04A1}
	EndGlobalSection
EndGlobal
